
Microsoft Visual Studio Solution File, Format Version 12.00
# Visual Studio Version 16
VisualStudioVersion = 16.0.29911.84
MinimumVisualStudioVersion = 10.0.40219.1
Project("{FAE04EC0-301F-11D3-BF4B-00C04F79EFBC}") = "ConsoleApp1", "ConsoleApp1\ConsoleApp1.csproj", "{FBC464DC-267D-4ED1-8EB3-0E83B016CECA}"
EndProject
Global
	GlobalSection(SolutionConfigurationPlatforms) = preSolution
		Debug|Any CPU = Debug|Any CPU
		Release|Any CPU = Release|Any CPU
	EndGlobalSection
	GlobalSection(ProjectConfigurationPlatforms) = postSolution
		{FBC464DC-267D-4ED1-8EB3-0E83B016CECA}.Debug|Any CPU.ActiveCfg = Debug|Any CPU
		{FBC464DC-267D-4ED1-8EB3-0E83B016CECA}.Debug|Any CPU.Build.0 = Debug|Any CPU
		{FBC464DC-267D-4ED1-8EB3-0E83B016CECA}.Release|Any CPU.ActiveCfg = Release|Any CPU
		{FBC464DC-267D-4ED1-8EB3-0E83B016CECA}.Release|Any CPU.Build.0 = Release|Any CPU
	EndGlobalSection
	GlobalSection(SolutionProperties) = preSolution
		HideSolutionNode = FALSE
	EndGlobalSection
	GlobalSection(ExtensibilityGlobals) = postSolution
		SolutionGuid = {77DA5FE6-F84A-428D-806B-9D4C5841F60E}
	EndGlobalSection
EndGlobal
